{
  "version": 4,
  "terraform_version": "1.5.7",
  "serial": 118,
  "lineage": "8d9a6eae-1c00-62a9-3570-2290c8c13b26",
  "outputs": {},
  "resources": [
    {
      "module": "module.upcloud_k3s",
      "mode": "managed",
      "type": "upcloud_server",
      "name": "master",
      "provider": "module.upcloud_k3s.provider[\"registry.terraform.io/upcloudltd/upcloud\"]",
      "instances": [
        {
          "schema_version": 0,
          "attributes": {
            "cpu": 2,
            "firewall": true,
            "host": null,
            "hostname": "my-k3s-master.local",
            "id": "001c847b-6396-4e6c-9de2-72806b3948fc",
            "labels": {},
            "login": [
              {
                "create_password": false,
                "keys": [
                  "ssh-rsa AAAAB3NzaC1yc2EAAAADAQABAAACAQDwsMjDj4OtEz3yAi7eIow3mILKbeyQqxWeZhcOIn/JPT4WRffKGP8S9B1DbKYR8PVKB+1uxepx8YWK8BFos7ToxYz3wb7EtGoMcRsikf30NN2Svj+TDVQAiUvL23QhrSnFz8L55Pq4RtYWshGff2/Hab2ur/lIizImbbosKeuohw5M90Uynxvy1eBMJQt27Iy6YtQcBSX7LasXCOl/wtAiKbpdTV104mmytp4COYLWzMn7V1xJB4qiITv8XP/CoU3gyXd+ibEHFh4c0Kk/RvGatHj6k5/gPqvbGnQi688uzS8T7UEcVIRfMSUulg1iEuepR1DE/nx6Z9trKUhNE8kmuaUWZjhJJdhxCev3JmT3+a2dvPSG393Xi8evZowvyBJx5hUJZggyxPh9DwfxuN3ViR+sip4T2sOXNakhPGNxj97GXxp63lb0F5zgWFUunx6+dQezA6VDB6J2Gq6TnK7jH+wm+sD769i/Ckyz/eofgfsAgQiPVmlshtdlTDq+5lqqVfI0AeVM22R/BrrRh2Xhmg9C7owbUywMLK469a0gu1MlglZvOYyeZCDbuR0/9rQUfSngrocEFG0aarPQ6Awj35NZKB6WxQevtTkwpD5GSieBqg1G7MT5fcZllXnHhVUl3KBYCTkoULoO2tFFIfc514L6N3t/xhc11o/GfgIf9Q== sanuadebo@hotmail.com\n"
                ],
                "password_delivery": "none",
                "user": "root"
              }
            ],
            "mem": 4096,
            "metadata": false,
            "network_interface": [
              {
                "bootable": false,
                "ip_address": "85.9.205.128",
                "ip_address_family": "IPv4",
                "ip_address_floating": false,
                "mac_address": "56:a3:9c:3e:2c:56",
                "network": "03316509-e409-406a-b5dc-a479c8329929",
                "source_ip_filtering": true,
                "type": "public"
              }
            ],
            "nic_model": "virtio",
            "plan": "2xCPU-4GB",
            "simple_backup": [],
            "storage_devices": [],
            "tags": null,
            "template": [
              {
                "address": "virtio",
                "backup_rule": [],
                "delete_autoresize_backup": false,
                "filesystem_autoresize": false,
                "id": "01aebb76-262a-4c45-8214-dd9bb2fcaf90",
                "size": 50,
                "storage": "01000000-0000-4000-8000-000030200200",
                "tier": "maxiops",
                "title": "my-k3s-master-disk"
              }
            ],
            "timezone": "UTC",
            "title": "my-k3s-master",
            "user_data": "#cloud-config\npackage_update: true\npackage_upgrade: true\npackages:\n  - curl\n",
            "video_model": "cirrus",
            "zone": "de-fra1"
          },
          "sensitive_attributes": [],
          "private": "bnVsbA=="
        }
      ]
    }
  ],
  "check_results": null
}
